
Microsoft Visual Studio Solution File, Format Version 12.00
# Visual Studio Version 16
VisualStudioVersion = 16.0.29509.3
MinimumVisualStudioVersion = 10.0.40219.1
Project("{2150E333-8FDC-42A3-9474-1A3956D46DE8}") = "dotnetframework", "dotnetframework", "{F900A4AD-7249-41B4-B918-CB9E8C73747C}"
EndProject
Project("{2150E333-8FDC-42A3-9474-1A3956D46DE8}") = "dotnet", "dotnet", "{29845262-B289-4365-8156-CB983EADAD8E}"
EndProject
Project("{2150E333-8FDC-42A3-9474-1A3956D46DE8}") = "dotnetcore", "dotnetcore", "{2261B65E-3757-4E5B-9DCD-EAE8D1E236A3}"
EndProject
Project("{9A19103F-16F7-4668-BE54-9A1E7A4F7556}") = "GxEncrypt", "src\dotnet\GxEncrypt\GxEncrypt.csproj", "{2019168A-4A6A-499A-B121-2AEC269B900B}"
EndProject
Project("{9A19103F-16F7-4668-BE54-9A1E7A4F7556}") = "GxClasses", "src\dotnetcore\GxClasses\GxClasses.csproj", "{7CCB4844-F0D3-4ED4-BD77-044C85AF7B9D}"
EndProject
Project("{9A19103F-16F7-4668-BE54-9A1E7A4F7556}") = "GxClasses.Web", "src\dotnetcore\GxClasses.Web\GxClasses.Web.csproj", "{FEE50B4B-AFC3-4BDA-95FB-8C56FB58AB7E}"
EndProject
Project("{9A19103F-16F7-4668-BE54-9A1E7A4F7556}") = "GxMaps", "src\dotnetcore\GxMaps\GxMaps.csproj", "{F20873C0-00D3-43A3-B2EF-5996C94DCF1C}"
EndProject
Project("{9A19103F-16F7-4668-BE54-9A1E7A4F7556}") = "GxNetCoreStartup", "src\dotnetcore\GxNetCoreStartup\GxNetCoreStartup.csproj", "{E4D122AB-D362-4AEC-9E2B-22B520016B49}"
EndProject
Project("{9A19103F-16F7-4668-BE54-9A1E7A4F7556}") = "GxSearch", "src\dotnetcore\GxSearch\GxSearch.csproj", "{D6FCDD89-C5DB-48F1-A752-A12D0F1B9397}"
EndProject
Project("{9A19103F-16F7-4668-BE54-9A1E7A4F7556}") = "GxClasses", "src\dotnetframework\GxClasses\GxClasses.csproj", "{52ADD4DB-FBFE-4686-9E5F-830CDF859830}"
EndProject
Project("{9A19103F-16F7-4668-BE54-9A1E7A4F7556}") = "GxClasses.Win", "src\dotnetframework\GxClasses.Win\GxClasses.Win.csproj", "{DA2F9501-2B30-447C-AECD-AA32824515FF}"
EndProject
Project("{9A19103F-16F7-4668-BE54-9A1E7A4F7556}") = "GxMaps", "src\dotnetframework\GxMaps\GxMaps.csproj", "{FE7FB3D1-877C-4BF8-AEA6-7273BE42E078}"
EndProject
Project("{9A19103F-16F7-4668-BE54-9A1E7A4F7556}") = "GxSearch", "src\dotnetframework\GxSearch\GxSearch.csproj", "{7365A84F-D363-41BE-BDBF-FD1550061942}"
EndProject
Project("{9A19103F-16F7-4668-BE54-9A1E7A4F7556}") = "GXWebSocket", "src\dotnetframework\GxWebSocket\GXWebSocket.csproj", "{B722F063-4514-4C2A-A81D-E7E4E362F891}"
EndProject
Global
	GlobalSection(SolutionConfigurationPlatforms) = preSolution
		Debug|Any CPU = Debug|Any CPU
		Release|Any CPU = Release|Any CPU
	EndGlobalSection
	GlobalSection(ProjectConfigurationPlatforms) = postSolution
		{2019168A-4A6A-499A-B121-2AEC269B900B}.Debug|Any CPU.ActiveCfg = Debug|Any CPU
		{2019168A-4A6A-499A-B121-2AEC269B900B}.Debug|Any CPU.Build.0 = Debug|Any CPU
		{2019168A-4A6A-499A-B121-2AEC269B900B}.Release|Any CPU.ActiveCfg = Release|Any CPU
		{2019168A-4A6A-499A-B121-2AEC269B900B}.Release|Any CPU.Build.0 = Release|Any CPU
		{7CCB4844-F0D3-4ED4-BD77-044C85AF7B9D}.Debug|Any CPU.ActiveCfg = Debug|Any CPU
		{7CCB4844-F0D3-4ED4-BD77-044C85AF7B9D}.Debug|Any CPU.Build.0 = Debug|Any CPU
		{7CCB4844-F0D3-4ED4-BD77-044C85AF7B9D}.Release|Any CPU.ActiveCfg = Release|Any CPU
		{7CCB4844-F0D3-4ED4-BD77-044C85AF7B9D}.Release|Any CPU.Build.0 = Release|Any CPU
		{FEE50B4B-AFC3-4BDA-95FB-8C56FB58AB7E}.Debug|Any CPU.ActiveCfg = Debug|Any CPU
		{FEE50B4B-AFC3-4BDA-95FB-8C56FB58AB7E}.Debug|Any CPU.Build.0 = Debug|Any CPU
		{FEE50B4B-AFC3-4BDA-95FB-8C56FB58AB7E}.Release|Any CPU.ActiveCfg = Release|Any CPU
		{FEE50B4B-AFC3-4BDA-95FB-8C56FB58AB7E}.Release|Any CPU.Build.0 = Release|Any CPU
		{F20873C0-00D3-43A3-B2EF-5996C94DCF1C}.Debug|Any CPU.ActiveCfg = Debug|Any CPU
		{F20873C0-00D3-43A3-B2EF-5996C94DCF1C}.Debug|Any CPU.Build.0 = Debug|Any CPU
		{F20873C0-00D3-43A3-B2EF-5996C94DCF1C}.Release|Any CPU.ActiveCfg = Release|Any CPU
		{F20873C0-00D3-43A3-B2EF-5996C94DCF1C}.Release|Any CPU.Build.0 = Release|Any CPU
		{E4D122AB-D362-4AEC-9E2B-22B520016B49}.Debug|Any CPU.ActiveCfg = Debug|Any CPU
		{E4D122AB-D362-4AEC-9E2B-22B520016B49}.Debug|Any CPU.Build.0 = Debug|Any CPU
		{E4D122AB-D362-4AEC-9E2B-22B520016B49}.Release|Any CPU.ActiveCfg = Release|Any CPU
		{E4D122AB-D362-4AEC-9E2B-22B520016B49}.Release|Any CPU.Build.0 = Release|Any CPU
		{D6FCDD89-C5DB-48F1-A752-A12D0F1B9397}.Debug|Any CPU.ActiveCfg = Debug|Any CPU
		{D6FCDD89-C5DB-48F1-A752-A12D0F1B9397}.Debug|Any CPU.Build.0 = Debug|Any CPU
		{D6FCDD89-C5DB-48F1-A752-A12D0F1B9397}.Release|Any CPU.ActiveCfg = Release|Any CPU
		{D6FCDD89-C5DB-48F1-A752-A12D0F1B9397}.Release|Any CPU.Build.0 = Release|Any CPU
		{52ADD4DB-FBFE-4686-9E5F-830CDF859830}.Debug|Any CPU.ActiveCfg = Debug|Any CPU
		{52ADD4DB-FBFE-4686-9E5F-830CDF859830}.Debug|Any CPU.Build.0 = Debug|Any CPU
		{52ADD4DB-FBFE-4686-9E5F-830CDF859830}.Release|Any CPU.ActiveCfg = Release|Any CPU
		{52ADD4DB-FBFE-4686-9E5F-830CDF859830}.Release|Any CPU.Build.0 = Release|Any CPU
		{DA2F9501-2B30-447C-AECD-AA32824515FF}.Debug|Any CPU.ActiveCfg = Debug|Any CPU
		{DA2F9501-2B30-447C-AECD-AA32824515FF}.Debug|Any CPU.Build.0 = Debug|Any CPU
		{DA2F9501-2B30-447C-AECD-AA32824515FF}.Release|Any CPU.ActiveCfg = Release|Any CPU
		{DA2F9501-2B30-447C-AECD-AA32824515FF}.Release|Any CPU.Build.0 = Release|Any CPU
		{FE7FB3D1-877C-4BF8-AEA6-7273BE42E078}.Debug|Any CPU.ActiveCfg = Debug|Any CPU
		{FE7FB3D1-877C-4BF8-AEA6-7273BE42E078}.Debug|Any CPU.Build.0 = Debug|Any CPU
		{FE7FB3D1-877C-4BF8-AEA6-7273BE42E078}.Release|Any CPU.ActiveCfg = Release|Any CPU
		{FE7FB3D1-877C-4BF8-AEA6-7273BE42E078}.Release|Any CPU.Build.0 = Release|Any CPU
		{7365A84F-D363-41BE-BDBF-FD1550061942}.Debug|Any CPU.ActiveCfg = Debug|Any CPU
		{7365A84F-D363-41BE-BDBF-FD1550061942}.Debug|Any CPU.Build.0 = Debug|Any CPU
		{7365A84F-D363-41BE-BDBF-FD1550061942}.Release|Any CPU.ActiveCfg = Release|Any CPU
		{7365A84F-D363-41BE-BDBF-FD1550061942}.Release|Any CPU.Build.0 = Release|Any CPU
		{B722F063-4514-4C2A-A81D-E7E4E362F891}.Debug|Any CPU.ActiveCfg = Debug|Any CPU
		{B722F063-4514-4C2A-A81D-E7E4E362F891}.Debug|Any CPU.Build.0 = Debug|Any CPU
		{B722F063-4514-4C2A-A81D-E7E4E362F891}.Release|Any CPU.ActiveCfg = Release|Any CPU
		{B722F063-4514-4C2A-A81D-E7E4E362F891}.Release|Any CPU.Build.0 = Release|Any CPU
	EndGlobalSection
	GlobalSection(SolutionProperties) = preSolution
		HideSolutionNode = FALSE
	EndGlobalSection
	GlobalSection(NestedProjects) = preSolution
		{2019168A-4A6A-499A-B121-2AEC269B900B} = {29845262-B289-4365-8156-CB983EADAD8E}
		{7CCB4844-F0D3-4ED4-BD77-044C85AF7B9D} = {2261B65E-3757-4E5B-9DCD-EAE8D1E236A3}
		{FEE50B4B-AFC3-4BDA-95FB-8C56FB58AB7E} = {2261B65E-3757-4E5B-9DCD-EAE8D1E236A3}
		{F20873C0-00D3-43A3-B2EF-5996C94DCF1C} = {2261B65E-3757-4E5B-9DCD-EAE8D1E236A3}
		{E4D122AB-D362-4AEC-9E2B-22B520016B49} = {2261B65E-3757-4E5B-9DCD-EAE8D1E236A3}
		{D6FCDD89-C5DB-48F1-A752-A12D0F1B9397} = {2261B65E-3757-4E5B-9DCD-EAE8D1E236A3}
		{52ADD4DB-FBFE-4686-9E5F-830CDF859830} = {F900A4AD-7249-41B4-B918-CB9E8C73747C}
		{DA2F9501-2B30-447C-AECD-AA32824515FF} = {F900A4AD-7249-41B4-B918-CB9E8C73747C}
		{FE7FB3D1-877C-4BF8-AEA6-7273BE42E078} = {F900A4AD-7249-41B4-B918-CB9E8C73747C}
		{7365A84F-D363-41BE-BDBF-FD1550061942} = {F900A4AD-7249-41B4-B918-CB9E8C73747C}
		{B722F063-4514-4C2A-A81D-E7E4E362F891} = {F900A4AD-7249-41B4-B918-CB9E8C73747C}
	EndGlobalSection
	GlobalSection(ExtensibilityGlobals) = postSolution
		SolutionGuid = {E18684C9-7D76-45CD-BF24-E3944B7F174C}
	EndGlobalSection
EndGlobal
