
Microsoft Visual Studio Solution File, Format Version 12.00
# Visual Studio Version 16
VisualStudioVersion = 16.0.29509.3
MinimumVisualStudioVersion = 10.0.40219.1
Project("{2150E333-8FDC-42A3-9474-1A3956D46DE8}") = "dotnetframework", "dotnetframework", "{F900A4AD-7249-41B4-B918-CB9E8C73747C}"
EndProject
Project("{2150E333-8FDC-42A3-9474-1A3956D46DE8}") = "dotnetcore", "dotnetcore", "{2261B65E-3757-4E5B-9DCD-EAE8D1E236A3}"
EndProject
Project("{9A19103F-16F7-4668-BE54-9A1E7A4F7556}") = "GxClasses.Web", "src\dotnetcore\GxClasses.Web\GxClasses.Web.csproj", "{FEE50B4B-AFC3-4BDA-95FB-8C56FB58AB7E}"
EndProject
Project("{9A19103F-16F7-4668-BE54-9A1E7A4F7556}") = "GxNetCoreStartup", "src\dotnetcore\GxNetCoreStartup\GxNetCoreStartup.csproj", "{E4D122AB-D362-4AEC-9E2B-22B520016B49}"
EndProject
Project("{9A19103F-16F7-4668-BE54-9A1E7A4F7556}") = "GxSearch", "src\dotnetcore\GxSearch\GxSearch.csproj", "{D6FCDD89-C5DB-48F1-A752-A12D0F1B9397}"
EndProject
Project("{9A19103F-16F7-4668-BE54-9A1E7A4F7556}") = "GxClasses", "src\dotnetframework\GxClasses\GxClasses.csproj", "{52ADD4DB-FBFE-4686-9E5F-830CDF859830}"
EndProject
Project("{9A19103F-16F7-4668-BE54-9A1E7A4F7556}") = "GxClasses.Win", "src\dotnetframework\GxClasses.Win\GxClasses.Win.csproj", "{DA2F9501-2B30-447C-AECD-AA32824515FF}"
EndProject
Project("{9A19103F-16F7-4668-BE54-9A1E7A4F7556}") = "GxSearch", "src\dotnetframework\GxSearch\GxSearch.csproj", "{7365A84F-D363-41BE-BDBF-FD1550061942}"
EndProject
Project("{9A19103F-16F7-4668-BE54-9A1E7A4F7556}") = "GXWebSocket", "src\dotnetframework\GxWebSocket\GXWebSocket.csproj", "{B722F063-4514-4C2A-A81D-E7E4E362F891}"
EndProject
Project("{9A19103F-16F7-4668-BE54-9A1E7A4F7556}") = "GxClasses", "src\dotnetcore\GxClasses\GxClasses.csproj", "{77F27795-DD56-403A-90CB-583CB196A811}"
EndProject
Project("{9A19103F-16F7-4668-BE54-9A1E7A4F7556}") = "GxMaps", "src\dotnetcore\GxMaps\GxMaps.csproj", "{FBC92B77-0A04-4472-98C8-6B813E1B095A}"
EndProject
Project("{9A19103F-16F7-4668-BE54-9A1E7A4F7556}") = "GxMail", "src\dotnetcore\GxMail\GxMail.csproj", "{792980F3-3B4D-4F20-8802-271644DEE48C}"
EndProject
Project("{9A19103F-16F7-4668-BE54-9A1E7A4F7556}") = "GxMaps", "src\dotnetframework\GxMaps\GxMaps.csproj", "{99750990-6CBB-4188-80FA-4C2CD1FB1AE9}"
EndProject
Project("{9A19103F-16F7-4668-BE54-9A1E7A4F7556}") = "GxMail", "src\dotnetframework\GxMail\GxMail.csproj", "{3C1D57CC-9715-4698-8974-FF578A9F5F48}"
EndProject
Project("{9A19103F-16F7-4668-BE54-9A1E7A4F7556}") = "GxExcel", "src\dotnetframework\GxExcel\GxExcel.csproj", "{54982BA3-AC0A-4074-98ED-A1A61DD09224}"
EndProject
Project("{9A19103F-16F7-4668-BE54-9A1E7A4F7556}") = "GxExcel", "src\dotnetcore\GxExcel\GxExcel.csproj", "{89FD9EC5-E490-4BB9-9A7F-C4BE87E62381}"
EndProject
Project("{9A19103F-16F7-4668-BE54-9A1E7A4F7556}") = "GxPdfReportsCS", "src\dotnetframework\GxPdfReportsCS\GxPdfReportsCS.csproj", "{A92C9C85-407B-4A89-A861-8CAEC695723E}"
EndProject
Project("{9A19103F-16F7-4668-BE54-9A1E7A4F7556}") = "GxPdfReportsCS", "src\dotnetcore\GxPdfReportsCS\GxPdfReportsCS.csproj", "{651C8B51-B5D5-48DC-9B61-19883254D2F2}"
EndProject
Project("{9A19103F-16F7-4668-BE54-9A1E7A4F7556}") = "GxEncrypt", "src\dotnetcommon\GxEncrypt\GxEncrypt.csproj", "{FDD63DB8-FAEB-4808-8B7D-B2D9E4617E5C}"
EndProject
Project("{2150E333-8FDC-42A3-9474-1A3956D46DE8}") = "dotnetcommon", "dotnetcommon", "{F1E13DF4-9F50-41A2-9DC3-04B673B21032}"
EndProject
Global
	GlobalSection(SolutionConfigurationPlatforms) = preSolution
		Debug|Any CPU = Debug|Any CPU
		Release|Any CPU = Release|Any CPU
	EndGlobalSection
	GlobalSection(ProjectConfigurationPlatforms) = postSolution
		{FEE50B4B-AFC3-4BDA-95FB-8C56FB58AB7E}.Debug|Any CPU.ActiveCfg = Debug|Any CPU
		{FEE50B4B-AFC3-4BDA-95FB-8C56FB58AB7E}.Debug|Any CPU.Build.0 = Debug|Any CPU
		{FEE50B4B-AFC3-4BDA-95FB-8C56FB58AB7E}.Release|Any CPU.ActiveCfg = Release|Any CPU
		{FEE50B4B-AFC3-4BDA-95FB-8C56FB58AB7E}.Release|Any CPU.Build.0 = Release|Any CPU
		{E4D122AB-D362-4AEC-9E2B-22B520016B49}.Debug|Any CPU.ActiveCfg = Debug|Any CPU
		{E4D122AB-D362-4AEC-9E2B-22B520016B49}.Debug|Any CPU.Build.0 = Debug|Any CPU
		{E4D122AB-D362-4AEC-9E2B-22B520016B49}.Release|Any CPU.ActiveCfg = Release|Any CPU
		{E4D122AB-D362-4AEC-9E2B-22B520016B49}.Release|Any CPU.Build.0 = Release|Any CPU
		{D6FCDD89-C5DB-48F1-A752-A12D0F1B9397}.Debug|Any CPU.ActiveCfg = Debug|Any CPU
		{D6FCDD89-C5DB-48F1-A752-A12D0F1B9397}.Debug|Any CPU.Build.0 = Debug|Any CPU
		{D6FCDD89-C5DB-48F1-A752-A12D0F1B9397}.Release|Any CPU.ActiveCfg = Release|Any CPU
		{D6FCDD89-C5DB-48F1-A752-A12D0F1B9397}.Release|Any CPU.Build.0 = Release|Any CPU
		{52ADD4DB-FBFE-4686-9E5F-830CDF859830}.Debug|Any CPU.ActiveCfg = Debug|Any CPU
		{52ADD4DB-FBFE-4686-9E5F-830CDF859830}.Debug|Any CPU.Build.0 = Debug|Any CPU
		{52ADD4DB-FBFE-4686-9E5F-830CDF859830}.Release|Any CPU.ActiveCfg = Release|Any CPU
		{52ADD4DB-FBFE-4686-9E5F-830CDF859830}.Release|Any CPU.Build.0 = Release|Any CPU
		{DA2F9501-2B30-447C-AECD-AA32824515FF}.Debug|Any CPU.ActiveCfg = Debug|Any CPU
		{DA2F9501-2B30-447C-AECD-AA32824515FF}.Debug|Any CPU.Build.0 = Debug|Any CPU
		{DA2F9501-2B30-447C-AECD-AA32824515FF}.Release|Any CPU.ActiveCfg = Release|Any CPU
		{DA2F9501-2B30-447C-AECD-AA32824515FF}.Release|Any CPU.Build.0 = Release|Any CPU
		{7365A84F-D363-41BE-BDBF-FD1550061942}.Debug|Any CPU.ActiveCfg = Debug|Any CPU
		{7365A84F-D363-41BE-BDBF-FD1550061942}.Debug|Any CPU.Build.0 = Debug|Any CPU
		{7365A84F-D363-41BE-BDBF-FD1550061942}.Release|Any CPU.ActiveCfg = Release|Any CPU
		{7365A84F-D363-41BE-BDBF-FD1550061942}.Release|Any CPU.Build.0 = Release|Any CPU
		{B722F063-4514-4C2A-A81D-E7E4E362F891}.Debug|Any CPU.ActiveCfg = Debug|Any CPU
		{B722F063-4514-4C2A-A81D-E7E4E362F891}.Debug|Any CPU.Build.0 = Debug|Any CPU
		{B722F063-4514-4C2A-A81D-E7E4E362F891}.Release|Any CPU.ActiveCfg = Release|Any CPU
		{B722F063-4514-4C2A-A81D-E7E4E362F891}.Release|Any CPU.Build.0 = Release|Any CPU
		{77F27795-DD56-403A-90CB-583CB196A811}.Debug|Any CPU.ActiveCfg = Debug|Any CPU
		{77F27795-DD56-403A-90CB-583CB196A811}.Debug|Any CPU.Build.0 = Debug|Any CPU
		{77F27795-DD56-403A-90CB-583CB196A811}.Release|Any CPU.ActiveCfg = Release|Any CPU
		{77F27795-DD56-403A-90CB-583CB196A811}.Release|Any CPU.Build.0 = Release|Any CPU
		{FBC92B77-0A04-4472-98C8-6B813E1B095A}.Debug|Any CPU.ActiveCfg = Debug|Any CPU
		{FBC92B77-0A04-4472-98C8-6B813E1B095A}.Debug|Any CPU.Build.0 = Debug|Any CPU
		{FBC92B77-0A04-4472-98C8-6B813E1B095A}.Release|Any CPU.ActiveCfg = Release|Any CPU
		{FBC92B77-0A04-4472-98C8-6B813E1B095A}.Release|Any CPU.Build.0 = Release|Any CPU
		{792980F3-3B4D-4F20-8802-271644DEE48C}.Debug|Any CPU.ActiveCfg = Debug|Any CPU
		{792980F3-3B4D-4F20-8802-271644DEE48C}.Debug|Any CPU.Build.0 = Debug|Any CPU
		{792980F3-3B4D-4F20-8802-271644DEE48C}.Release|Any CPU.ActiveCfg = Release|Any CPU
		{792980F3-3B4D-4F20-8802-271644DEE48C}.Release|Any CPU.Build.0 = Release|Any CPU
		{99750990-6CBB-4188-80FA-4C2CD1FB1AE9}.Debug|Any CPU.ActiveCfg = Debug|Any CPU
		{99750990-6CBB-4188-80FA-4C2CD1FB1AE9}.Debug|Any CPU.Build.0 = Debug|Any CPU
		{99750990-6CBB-4188-80FA-4C2CD1FB1AE9}.Release|Any CPU.ActiveCfg = Release|Any CPU
		{99750990-6CBB-4188-80FA-4C2CD1FB1AE9}.Release|Any CPU.Build.0 = Release|Any CPU
		{3C1D57CC-9715-4698-8974-FF578A9F5F48}.Debug|Any CPU.ActiveCfg = Debug|Any CPU
		{3C1D57CC-9715-4698-8974-FF578A9F5F48}.Debug|Any CPU.Build.0 = Debug|Any CPU
		{3C1D57CC-9715-4698-8974-FF578A9F5F48}.Release|Any CPU.ActiveCfg = Release|Any CPU
		{3C1D57CC-9715-4698-8974-FF578A9F5F48}.Release|Any CPU.Build.0 = Release|Any CPU
		{54982BA3-AC0A-4074-98ED-A1A61DD09224}.Debug|Any CPU.ActiveCfg = Debug|Any CPU
		{54982BA3-AC0A-4074-98ED-A1A61DD09224}.Debug|Any CPU.Build.0 = Debug|Any CPU
		{54982BA3-AC0A-4074-98ED-A1A61DD09224}.Release|Any CPU.ActiveCfg = Release|Any CPU
		{54982BA3-AC0A-4074-98ED-A1A61DD09224}.Release|Any CPU.Build.0 = Release|Any CPU
		{89FD9EC5-E490-4BB9-9A7F-C4BE87E62381}.Debug|Any CPU.ActiveCfg = Debug|Any CPU
		{89FD9EC5-E490-4BB9-9A7F-C4BE87E62381}.Debug|Any CPU.Build.0 = Debug|Any CPU
		{89FD9EC5-E490-4BB9-9A7F-C4BE87E62381}.Release|Any CPU.ActiveCfg = Release|Any CPU
		{89FD9EC5-E490-4BB9-9A7F-C4BE87E62381}.Release|Any CPU.Build.0 = Release|Any CPU
		{A92C9C85-407B-4A89-A861-8CAEC695723E}.Debug|Any CPU.ActiveCfg = Debug|Any CPU
		{A92C9C85-407B-4A89-A861-8CAEC695723E}.Debug|Any CPU.Build.0 = Debug|Any CPU
		{A92C9C85-407B-4A89-A861-8CAEC695723E}.Release|Any CPU.ActiveCfg = Release|Any CPU
		{A92C9C85-407B-4A89-A861-8CAEC695723E}.Release|Any CPU.Build.0 = Release|Any CPU
		{651C8B51-B5D5-48DC-9B61-19883254D2F2}.Debug|Any CPU.ActiveCfg = Debug|Any CPU
		{651C8B51-B5D5-48DC-9B61-19883254D2F2}.Debug|Any CPU.Build.0 = Debug|Any CPU
		{651C8B51-B5D5-48DC-9B61-19883254D2F2}.Release|Any CPU.ActiveCfg = Release|Any CPU
		{651C8B51-B5D5-48DC-9B61-19883254D2F2}.Release|Any CPU.Build.0 = Release|Any CPU
		{FDD63DB8-FAEB-4808-8B7D-B2D9E4617E5C}.Debug|Any CPU.ActiveCfg = Debug|Any CPU
		{FDD63DB8-FAEB-4808-8B7D-B2D9E4617E5C}.Debug|Any CPU.Build.0 = Debug|Any CPU
		{FDD63DB8-FAEB-4808-8B7D-B2D9E4617E5C}.Release|Any CPU.ActiveCfg = Release|Any CPU
		{FDD63DB8-FAEB-4808-8B7D-B2D9E4617E5C}.Release|Any CPU.Build.0 = Release|Any CPU
	EndGlobalSection
	GlobalSection(SolutionProperties) = preSolution
		HideSolutionNode = FALSE
	EndGlobalSection
	GlobalSection(NestedProjects) = preSolution
		{FEE50B4B-AFC3-4BDA-95FB-8C56FB58AB7E} = {2261B65E-3757-4E5B-9DCD-EAE8D1E236A3}
		{E4D122AB-D362-4AEC-9E2B-22B520016B49} = {2261B65E-3757-4E5B-9DCD-EAE8D1E236A3}
		{D6FCDD89-C5DB-48F1-A752-A12D0F1B9397} = {2261B65E-3757-4E5B-9DCD-EAE8D1E236A3}
		{52ADD4DB-FBFE-4686-9E5F-830CDF859830} = {F900A4AD-7249-41B4-B918-CB9E8C73747C}
		{DA2F9501-2B30-447C-AECD-AA32824515FF} = {F900A4AD-7249-41B4-B918-CB9E8C73747C}
		{7365A84F-D363-41BE-BDBF-FD1550061942} = {F900A4AD-7249-41B4-B918-CB9E8C73747C}
		{B722F063-4514-4C2A-A81D-E7E4E362F891} = {F900A4AD-7249-41B4-B918-CB9E8C73747C}
		{77F27795-DD56-403A-90CB-583CB196A811} = {2261B65E-3757-4E5B-9DCD-EAE8D1E236A3}
		{FBC92B77-0A04-4472-98C8-6B813E1B095A} = {2261B65E-3757-4E5B-9DCD-EAE8D1E236A3}
		{792980F3-3B4D-4F20-8802-271644DEE48C} = {2261B65E-3757-4E5B-9DCD-EAE8D1E236A3}
		{99750990-6CBB-4188-80FA-4C2CD1FB1AE9} = {F900A4AD-7249-41B4-B918-CB9E8C73747C}
		{3C1D57CC-9715-4698-8974-FF578A9F5F48} = {F900A4AD-7249-41B4-B918-CB9E8C73747C}
		{54982BA3-AC0A-4074-98ED-A1A61DD09224} = {F900A4AD-7249-41B4-B918-CB9E8C73747C}
		{89FD9EC5-E490-4BB9-9A7F-C4BE87E62381} = {2261B65E-3757-4E5B-9DCD-EAE8D1E236A3}
		{A92C9C85-407B-4A89-A861-8CAEC695723E} = {F900A4AD-7249-41B4-B918-CB9E8C73747C}
		{651C8B51-B5D5-48DC-9B61-19883254D2F2} = {2261B65E-3757-4E5B-9DCD-EAE8D1E236A3}
		{FDD63DB8-FAEB-4808-8B7D-B2D9E4617E5C} = {F1E13DF4-9F50-41A2-9DC3-04B673B21032}
	EndGlobalSection
	GlobalSection(ExtensibilityGlobals) = postSolution
		SolutionGuid = {E18684C9-7D76-45CD-BF24-E3944B7F174C}
	EndGlobalSection
EndGlobal
