
Microsoft Visual Studio Solution File, Format Version 12.00
# Visual Studio Version 16
VisualStudioVersion = 16.0.29509.3
MinimumVisualStudioVersion = 10.0.40219.1
Project("{2150E333-8FDC-42A3-9474-1A3956D46DE8}") = "dotnetframework", "dotnetframework", "{F900A4AD-7249-41B4-B918-CB9E8C73747C}"
EndProject
Project("{2150E333-8FDC-42A3-9474-1A3956D46DE8}") = "dotnetcore", "dotnetcore", "{2261B65E-3757-4E5B-9DCD-EAE8D1E236A3}"
EndProject
Project("{9A19103F-16F7-4668-BE54-9A1E7A4F7556}") = "GxClasses.Web", "src\dotnetcore\GxClasses.Web\GxClasses.Web.csproj", "{FEE50B4B-AFC3-4BDA-95FB-8C56FB58AB7E}"
EndProject
Project("{9A19103F-16F7-4668-BE54-9A1E7A4F7556}") = "GxNetCoreStartup", "src\dotnetcore\GxNetCoreStartup\GxNetCoreStartup.csproj", "{E4D122AB-D362-4AEC-9E2B-22B520016B49}"
EndProject
Project("{9A19103F-16F7-4668-BE54-9A1E7A4F7556}") = "GxSearch", "src\dotnetcore\GxSearch\GxSearch.csproj", "{D6FCDD89-C5DB-48F1-A752-A12D0F1B9397}"
EndProject
Project("{9A19103F-16F7-4668-BE54-9A1E7A4F7556}") = "GxClasses", "src\dotnetframework\GxClasses\GxClasses.csproj", "{52ADD4DB-FBFE-4686-9E5F-830CDF859830}"
EndProject
Project("{9A19103F-16F7-4668-BE54-9A1E7A4F7556}") = "GxClasses.Win", "src\dotnetframework\GxClasses.Win\GxClasses.Win.csproj", "{DA2F9501-2B30-447C-AECD-AA32824515FF}"
EndProject
Project("{9A19103F-16F7-4668-BE54-9A1E7A4F7556}") = "GxSearch", "src\dotnetframework\GxSearch\GxSearch.csproj", "{7365A84F-D363-41BE-BDBF-FD1550061942}"
EndProject
Project("{9A19103F-16F7-4668-BE54-9A1E7A4F7556}") = "GXWebSocket", "src\dotnetframework\GxWebSocket\GXWebSocket.csproj", "{B722F063-4514-4C2A-A81D-E7E4E362F891}"
EndProject
Project("{9A19103F-16F7-4668-BE54-9A1E7A4F7556}") = "GxClasses", "src\dotnetcore\GxClasses\GxClasses.csproj", "{77F27795-DD56-403A-90CB-583CB196A811}"
EndProject
Project("{9A19103F-16F7-4668-BE54-9A1E7A4F7556}") = "GxMaps", "src\dotnetcore\GxMaps\GxMaps.csproj", "{FBC92B77-0A04-4472-98C8-6B813E1B095A}"
EndProject
Project("{9A19103F-16F7-4668-BE54-9A1E7A4F7556}") = "GxMail", "src\dotnetcore\GxMail\GxMail.csproj", "{792980F3-3B4D-4F20-8802-271644DEE48C}"
EndProject
Project("{9A19103F-16F7-4668-BE54-9A1E7A4F7556}") = "GxMaps", "src\dotnetframework\GxMaps\GxMaps.csproj", "{99750990-6CBB-4188-80FA-4C2CD1FB1AE9}"
EndProject
Project("{9A19103F-16F7-4668-BE54-9A1E7A4F7556}") = "GxMail", "src\dotnetframework\GxMail\GxMail.csproj", "{3C1D57CC-9715-4698-8974-FF578A9F5F48}"
EndProject
Project("{9A19103F-16F7-4668-BE54-9A1E7A4F7556}") = "GxExcel", "src\dotnetframework\GxExcel\GxExcel.csproj", "{54982BA3-AC0A-4074-98ED-A1A61DD09224}"
EndProject
Project("{9A19103F-16F7-4668-BE54-9A1E7A4F7556}") = "GxExcel", "src\dotnetcore\GxExcel\GxExcel.csproj", "{89FD9EC5-E490-4BB9-9A7F-C4BE87E62381}"
EndProject
Project("{9A19103F-16F7-4668-BE54-9A1E7A4F7556}") = "GxPdfReportsCS", "src\dotnetframework\GxPdfReportsCS\GxPdfReportsCS.csproj", "{A92C9C85-407B-4A89-A861-8CAEC695723E}"
EndProject
Project("{9A19103F-16F7-4668-BE54-9A1E7A4F7556}") = "GxPdfReportsCS", "src\dotnetcore\GxPdfReportsCS\GxPdfReportsCS.csproj", "{651C8B51-B5D5-48DC-9B61-19883254D2F2}"
EndProject
Project("{9A19103F-16F7-4668-BE54-9A1E7A4F7556}") = "GxEncrypt", "src\dotnetcommon\GxEncrypt\GxEncrypt.csproj", "{FDD63DB8-FAEB-4808-8B7D-B2D9E4617E5C}"
EndProject
Project("{2150E333-8FDC-42A3-9474-1A3956D46DE8}") = "dotnetcommon", "dotnetcommon", "{F1E13DF4-9F50-41A2-9DC3-04B673B21032}"
EndProject
Project("{9A19103F-16F7-4668-BE54-9A1E7A4F7556}") = "GxConfig", "src\dotnetframework\GxConfig\GxConfig.csproj", "{BEDBF0F6-A7B1-4F8C-BD22-8C4D752BEC22}"
EndProject
Project("{9A19103F-16F7-4668-BE54-9A1E7A4F7556}") = "GXDataInitialization", "src\dotnetframework\GxDataInitialization\GXDataInitialization.csproj", "{67ED5A30-734F-46C3-BD6C-95063C35E25A}"
EndProject
Project("{9A19103F-16F7-4668-BE54-9A1E7A4F7556}") = "GxSetFrm", "src\dotnetframework\GxSetFrm\GxSetFrm.csproj", "{07086C7F-258D-490C-9721-49AD215E4C83}"
EndProject
Project("{2150E333-8FDC-42A3-9474-1A3956D46DE8}") = "tools", "tools", "{914600BD-A02B-414E-AC84-50E60AA64222}"
EndProject
Project("{9A19103F-16F7-4668-BE54-9A1E7A4F7556}") = "GXDataInitialization", "src\dotnetcore\GxDataInitialization\GXDataInitialization.csproj", "{AEB784FE-3A22-45C6-B3B4-FD1D13C8E115}"
EndProject
Project("{2150E333-8FDC-42A3-9474-1A3956D46DE8}") = "cache", "cache", "{2ECA420E-95D9-42FD-9B48-E0D8FB9B4DAD}"
EndProject
Project("{9A19103F-16F7-4668-BE54-9A1E7A4F7556}") = "GxMemcached", "src\dotnetframework\Providers\Cache\GxMemcached\GxMemcached.csproj", "{34F1B435-470D-4095-9BF4-37B86BFD1600}"
EndProject
Project("{9A19103F-16F7-4668-BE54-9A1E7A4F7556}") = "GxRedis", "src\dotnetframework\Providers\Cache\GxRedis\GxRedis.csproj", "{E710545D-B464-4EC9-AA57-B531324C5A0F}"
EndProject
Project("{2150E333-8FDC-42A3-9474-1A3956D46DE8}") = "storage", "storage", "{F82842DA-F15E-49C5-993E-4C269818FF1F}"
EndProject
Project("{9A19103F-16F7-4668-BE54-9A1E7A4F7556}") = "GXAmazonS3", "src\dotnetframework\Providers\Storage\GXAmazonS3\GXAmazonS3.csproj", "{3701565F-1A95-4592-B90D-291CCDE5505D}"
EndProject
Project("{9A19103F-16F7-4668-BE54-9A1E7A4F7556}") = "GXAzureStorage", "src\dotnetframework\Providers\Storage\GXAzureStorage\GXAzureStorage.csproj", "{F6372249-AF37-4455-B572-5BDF8DE2ACC8}"
EndProject
Project("{9A19103F-16F7-4668-BE54-9A1E7A4F7556}") = "GXGoogleCloud", "src\dotnetframework\Providers\Storage\GXGoogleCloud\GXGoogleCloud.csproj", "{E9072D95-D116-4D4B-B981-46146BCDE052}"
EndProject
Project("{9A19103F-16F7-4668-BE54-9A1E7A4F7556}") = "GXOpenStack", "src\dotnetframework\Providers\Storage\GXOpenStack\GXOpenStack.csproj", "{64E958D8-CE7B-482D-B339-3B52E26CA4AC}"
EndProject
Project("{2150E333-8FDC-42A3-9474-1A3956D46DE8}") = "dynservice", "dynservice", "{A14C2C2C-ACE3-4712-A527-E4E5F02729FA}"
EndProject
Project("{9A19103F-16F7-4668-BE54-9A1E7A4F7556}") = "DynService.Core", "src\dotnetframework\DynService.Core\DynService.Core.csproj", "{B0DEB9ED-9E0A-42E3-BBE1-9F70DD78DC93}"
EndProject
Project("{9A19103F-16F7-4668-BE54-9A1E7A4F7556}") = "DynService.DynamoDB", "src\dotnetframework\DynService.Dynamo\DynService.DynamoDB.csproj", "{4DC1C813-E7C1-442E-B7D6-C9B932A55759}"
EndProject
Project("{9A19103F-16F7-4668-BE54-9A1E7A4F7556}") = "DynService.Fabric", "src\dotnetframework\DynServiceFabric\DynService.Fabric.csproj", "{42D048EC-29C5-4553-B301-A6A5A76A7FB8}"
EndProject
Project("{9A19103F-16F7-4668-BE54-9A1E7A4F7556}") = "DynServiceOData", "src\dotnetframework\DynServiceOData\DynServiceOData.csproj", "{9C521E63-7B6F-4AD3-ACB5-132175D9413A}"
EndProject
Project("{2150E333-8FDC-42A3-9474-1A3956D46DE8}") = "cache", "cache", "{277490D7-8834-4722-9084-E894F804C66A}"
EndProject
Project("{9A19103F-16F7-4668-BE54-9A1E7A4F7556}") = "GxMemcached", "src\dotnetcore\Providers\Cache\GxMemcached\GxMemcached.csproj", "{9781C246-5FCB-4060-8DD0-866BDB9B055B}"
EndProject
Project("{9A19103F-16F7-4668-BE54-9A1E7A4F7556}") = "GxRedis", "src\dotnetcore\Providers\Cache\GxRedis\GxRedis.csproj", "{B303AAFF-5061-4580-A952-EA9279AF97FF}"
EndProject
Project("{2150E333-8FDC-42A3-9474-1A3956D46DE8}") = "storage", "storage", "{3C0E779F-1949-40AC-AE18-5D59101B24CB}"
EndProject
Project("{9A19103F-16F7-4668-BE54-9A1E7A4F7556}") = "GXAmazonS3", "src\dotnetcore\Providers\Storage\GXAmazonS3\GXAmazonS3.csproj", "{A1D414C9-6716-4964-8880-5C43C362EA8B}"
EndProject
Project("{9A19103F-16F7-4668-BE54-9A1E7A4F7556}") = "StoreManager", "src\dotnetcore\Projects\StoreManager\StoreManager.csproj", "{E37C85AB-21A2-4F5A-BE34-61EA273C2D5F}"
EndProject
Project("{9A19103F-16F7-4668-BE54-9A1E7A4F7556}") = "StoreManager", "src\dotnetframework\Projects\StoreManager\StoreManager.csproj", "{E2547AA5-1ECD-45EF-975F-0E467CA23201}"
EndProject
Project("{9A19103F-16F7-4668-BE54-9A1E7A4F7556}") = "Artech.Genexus.SDAPI", "src\dotnetframework\SDNetAPI\Artech.Genexus.SDAPI.csproj", "{E4817807-6B3E-4A78-A2B4-DBFBD02AA86B}"
EndProject
Project("{9A19103F-16F7-4668-BE54-9A1E7A4F7556}") = "Artech.Genexus.SDAPI", "src\dotnetcore\Artech.Genexus.SDAPI\Artech.Genexus.SDAPI.csproj", "{DF892C9E-A6A4-48D4-ABC6-2F98C3400F8C}"
EndProject
Project("{9A19103F-16F7-4668-BE54-9A1E7A4F7556}") = "Reor", "src\dotnetcore\Reor\Reor.csproj", "{C8CB3B0D-2FDB-49D4-A739-BF0BDCC8979F}"
EndProject
Project("{9A19103F-16F7-4668-BE54-9A1E7A4F7556}") = "Reor", "src\dotnetframework\Reor\Reor.csproj", "{7A775A8B-646D-4FE6-8952-9F9C8B38B924}"
EndProject
Project("{2150E333-8FDC-42A3-9474-1A3956D46DE8}") = "tools", "tools", "{FE3D0F5E-DEFF-4D37-89EB-FD992ABAEE30}"
EndProject
Project("{9A19103F-16F7-4668-BE54-9A1E7A4F7556}") = "GxXsl", "src\dotnetframework\GxXsl\GxXsl.csproj", "{CEE05123-1973-4F54-BC44-AFFB4373936A}"
EndProject
Project("{9A19103F-16F7-4668-BE54-9A1E7A4F7556}") = "GxCryptographyCommon", "src\dotnetcommon\GxCryptographyCommon\GxCryptographyCommon.csproj", "{6E82437D-8CF2-4206-B4A8-7691B431A45A}"
EndProject
Project("{9A19103F-16F7-4668-BE54-9A1E7A4F7556}") = "GxCryptography", "src\dotnetcommon\GxCryptography\GxCryptography.csproj", "{721C71DA-0E1C-49C1-88AE-17A97AA255D3}"
EndProject
Project("{9A19103F-16F7-4668-BE54-9A1E7A4F7556}") = "GXAzureStorageNETCore", "src\dotnetcore\Providers\Storage\GXAzureStorageNETCore\GXAzureStorageNETCore.csproj", "{BF72FAF5-3A7C-41B6-A27F-9BE049290356}"
EndProject
Project("{2150E333-8FDC-42A3-9474-1A3956D46DE8}") = "test", "test", "{1D6F1776-FF4B-46C2-9B3D-BC46CCF049DC}"
EndProject
Project("{9A19103F-16F7-4668-BE54-9A1E7A4F7556}") = "GxEncryptCMD", "src\dotnetframework\GxEncryptCMD\GxEncryptCMD.csproj", "{E2CC404A-3AE4-4CE9-84DC-0EA6078F69E3}"
EndProject
Project("{9A19103F-16F7-4668-BE54-9A1E7A4F7556}") = "DotNetCoreUnitTest", "test\DotNetCoreUnitTest\DotNetCoreUnitTest.csproj", "{55297803-2DE8-48C4-AB65-9D19E77614E1}"
EndProject
Project("{9A19103F-16F7-4668-BE54-9A1E7A4F7556}") = "DotNetUnitTest", "test\DotNetUnitTest\DotNetUnitTest.csproj", "{251CCD53-21B3-4EBE-8627-49885C4E98B9}"
EndProject
Project("{2150E333-8FDC-42A3-9474-1A3956D46DE8}") = "dynservice", "dynservice", "{79C9ECC6-2935-4C43-BF32-94698547F584}"
EndProject
Project("{9A19103F-16F7-4668-BE54-9A1E7A4F7556}") = "DynService.Core", "src\dotnetcore\DynService\Core\DynService.Core.csproj", "{E2FB8843-503A-4A22-923E-B12510233127}"
EndProject
Project("{9A19103F-16F7-4668-BE54-9A1E7A4F7556}") = "DynServiceOData", "src\dotnetcore\DynService\OData\DynServiceOData.csproj", "{2238FCB1-3A83-46C2-873E-82DA4266069D}"
EndProject
Global
	GlobalSection(SolutionConfigurationPlatforms) = preSolution
		Debug|Any CPU = Debug|Any CPU
		Release|Any CPU = Release|Any CPU
	EndGlobalSection
	GlobalSection(ProjectConfigurationPlatforms) = postSolution
		{FEE50B4B-AFC3-4BDA-95FB-8C56FB58AB7E}.Debug|Any CPU.ActiveCfg = Debug|Any CPU
		{FEE50B4B-AFC3-4BDA-95FB-8C56FB58AB7E}.Debug|Any CPU.Build.0 = Debug|Any CPU
		{FEE50B4B-AFC3-4BDA-95FB-8C56FB58AB7E}.Release|Any CPU.ActiveCfg = Release|Any CPU
		{FEE50B4B-AFC3-4BDA-95FB-8C56FB58AB7E}.Release|Any CPU.Build.0 = Release|Any CPU
		{E4D122AB-D362-4AEC-9E2B-22B520016B49}.Debug|Any CPU.ActiveCfg = Debug|Any CPU
		{E4D122AB-D362-4AEC-9E2B-22B520016B49}.Debug|Any CPU.Build.0 = Debug|Any CPU
		{E4D122AB-D362-4AEC-9E2B-22B520016B49}.Release|Any CPU.ActiveCfg = Release|Any CPU
		{E4D122AB-D362-4AEC-9E2B-22B520016B49}.Release|Any CPU.Build.0 = Release|Any CPU
		{D6FCDD89-C5DB-48F1-A752-A12D0F1B9397}.Debug|Any CPU.ActiveCfg = Debug|Any CPU
		{D6FCDD89-C5DB-48F1-A752-A12D0F1B9397}.Debug|Any CPU.Build.0 = Debug|Any CPU
		{D6FCDD89-C5DB-48F1-A752-A12D0F1B9397}.Release|Any CPU.ActiveCfg = Release|Any CPU
		{D6FCDD89-C5DB-48F1-A752-A12D0F1B9397}.Release|Any CPU.Build.0 = Release|Any CPU
		{52ADD4DB-FBFE-4686-9E5F-830CDF859830}.Debug|Any CPU.ActiveCfg = Debug|Any CPU
		{52ADD4DB-FBFE-4686-9E5F-830CDF859830}.Debug|Any CPU.Build.0 = Debug|Any CPU
		{52ADD4DB-FBFE-4686-9E5F-830CDF859830}.Release|Any CPU.ActiveCfg = Release|Any CPU
		{52ADD4DB-FBFE-4686-9E5F-830CDF859830}.Release|Any CPU.Build.0 = Release|Any CPU
		{DA2F9501-2B30-447C-AECD-AA32824515FF}.Debug|Any CPU.ActiveCfg = Debug|Any CPU
		{DA2F9501-2B30-447C-AECD-AA32824515FF}.Debug|Any CPU.Build.0 = Debug|Any CPU
		{DA2F9501-2B30-447C-AECD-AA32824515FF}.Release|Any CPU.ActiveCfg = Release|Any CPU
		{DA2F9501-2B30-447C-AECD-AA32824515FF}.Release|Any CPU.Build.0 = Release|Any CPU
		{7365A84F-D363-41BE-BDBF-FD1550061942}.Debug|Any CPU.ActiveCfg = Debug|Any CPU
		{7365A84F-D363-41BE-BDBF-FD1550061942}.Debug|Any CPU.Build.0 = Debug|Any CPU
		{7365A84F-D363-41BE-BDBF-FD1550061942}.Release|Any CPU.ActiveCfg = Release|Any CPU
		{7365A84F-D363-41BE-BDBF-FD1550061942}.Release|Any CPU.Build.0 = Release|Any CPU
		{B722F063-4514-4C2A-A81D-E7E4E362F891}.Debug|Any CPU.ActiveCfg = Debug|Any CPU
		{B722F063-4514-4C2A-A81D-E7E4E362F891}.Debug|Any CPU.Build.0 = Debug|Any CPU
		{B722F063-4514-4C2A-A81D-E7E4E362F891}.Release|Any CPU.ActiveCfg = Release|Any CPU
		{B722F063-4514-4C2A-A81D-E7E4E362F891}.Release|Any CPU.Build.0 = Release|Any CPU
		{77F27795-DD56-403A-90CB-583CB196A811}.Debug|Any CPU.ActiveCfg = Debug|Any CPU
		{77F27795-DD56-403A-90CB-583CB196A811}.Debug|Any CPU.Build.0 = Debug|Any CPU
		{77F27795-DD56-403A-90CB-583CB196A811}.Release|Any CPU.ActiveCfg = Release|Any CPU
		{77F27795-DD56-403A-90CB-583CB196A811}.Release|Any CPU.Build.0 = Release|Any CPU
		{FBC92B77-0A04-4472-98C8-6B813E1B095A}.Debug|Any CPU.ActiveCfg = Debug|Any CPU
		{FBC92B77-0A04-4472-98C8-6B813E1B095A}.Debug|Any CPU.Build.0 = Debug|Any CPU
		{FBC92B77-0A04-4472-98C8-6B813E1B095A}.Release|Any CPU.ActiveCfg = Release|Any CPU
		{FBC92B77-0A04-4472-98C8-6B813E1B095A}.Release|Any CPU.Build.0 = Release|Any CPU
		{792980F3-3B4D-4F20-8802-271644DEE48C}.Debug|Any CPU.ActiveCfg = Debug|Any CPU
		{792980F3-3B4D-4F20-8802-271644DEE48C}.Debug|Any CPU.Build.0 = Debug|Any CPU
		{792980F3-3B4D-4F20-8802-271644DEE48C}.Release|Any CPU.ActiveCfg = Release|Any CPU
		{792980F3-3B4D-4F20-8802-271644DEE48C}.Release|Any CPU.Build.0 = Release|Any CPU
		{99750990-6CBB-4188-80FA-4C2CD1FB1AE9}.Debug|Any CPU.ActiveCfg = Debug|Any CPU
		{99750990-6CBB-4188-80FA-4C2CD1FB1AE9}.Debug|Any CPU.Build.0 = Debug|Any CPU
		{99750990-6CBB-4188-80FA-4C2CD1FB1AE9}.Release|Any CPU.ActiveCfg = Release|Any CPU
		{99750990-6CBB-4188-80FA-4C2CD1FB1AE9}.Release|Any CPU.Build.0 = Release|Any CPU
		{3C1D57CC-9715-4698-8974-FF578A9F5F48}.Debug|Any CPU.ActiveCfg = Debug|Any CPU
		{3C1D57CC-9715-4698-8974-FF578A9F5F48}.Debug|Any CPU.Build.0 = Debug|Any CPU
		{3C1D57CC-9715-4698-8974-FF578A9F5F48}.Release|Any CPU.ActiveCfg = Release|Any CPU
		{3C1D57CC-9715-4698-8974-FF578A9F5F48}.Release|Any CPU.Build.0 = Release|Any CPU
		{54982BA3-AC0A-4074-98ED-A1A61DD09224}.Debug|Any CPU.ActiveCfg = Debug|Any CPU
		{54982BA3-AC0A-4074-98ED-A1A61DD09224}.Debug|Any CPU.Build.0 = Debug|Any CPU
		{54982BA3-AC0A-4074-98ED-A1A61DD09224}.Release|Any CPU.ActiveCfg = Release|Any CPU
		{54982BA3-AC0A-4074-98ED-A1A61DD09224}.Release|Any CPU.Build.0 = Release|Any CPU
		{89FD9EC5-E490-4BB9-9A7F-C4BE87E62381}.Debug|Any CPU.ActiveCfg = Debug|Any CPU
		{89FD9EC5-E490-4BB9-9A7F-C4BE87E62381}.Debug|Any CPU.Build.0 = Debug|Any CPU
		{89FD9EC5-E490-4BB9-9A7F-C4BE87E62381}.Release|Any CPU.ActiveCfg = Release|Any CPU
		{89FD9EC5-E490-4BB9-9A7F-C4BE87E62381}.Release|Any CPU.Build.0 = Release|Any CPU
		{A92C9C85-407B-4A89-A861-8CAEC695723E}.Debug|Any CPU.ActiveCfg = Debug|Any CPU
		{A92C9C85-407B-4A89-A861-8CAEC695723E}.Debug|Any CPU.Build.0 = Debug|Any CPU
		{A92C9C85-407B-4A89-A861-8CAEC695723E}.Release|Any CPU.ActiveCfg = Release|Any CPU
		{A92C9C85-407B-4A89-A861-8CAEC695723E}.Release|Any CPU.Build.0 = Release|Any CPU
		{651C8B51-B5D5-48DC-9B61-19883254D2F2}.Debug|Any CPU.ActiveCfg = Debug|Any CPU
		{651C8B51-B5D5-48DC-9B61-19883254D2F2}.Debug|Any CPU.Build.0 = Debug|Any CPU
		{651C8B51-B5D5-48DC-9B61-19883254D2F2}.Release|Any CPU.ActiveCfg = Release|Any CPU
		{651C8B51-B5D5-48DC-9B61-19883254D2F2}.Release|Any CPU.Build.0 = Release|Any CPU
		{FDD63DB8-FAEB-4808-8B7D-B2D9E4617E5C}.Debug|Any CPU.ActiveCfg = Debug|Any CPU
		{FDD63DB8-FAEB-4808-8B7D-B2D9E4617E5C}.Debug|Any CPU.Build.0 = Debug|Any CPU
		{FDD63DB8-FAEB-4808-8B7D-B2D9E4617E5C}.Release|Any CPU.ActiveCfg = Release|Any CPU
		{FDD63DB8-FAEB-4808-8B7D-B2D9E4617E5C}.Release|Any CPU.Build.0 = Release|Any CPU
		{BEDBF0F6-A7B1-4F8C-BD22-8C4D752BEC22}.Debug|Any CPU.ActiveCfg = Debug|Any CPU
		{BEDBF0F6-A7B1-4F8C-BD22-8C4D752BEC22}.Debug|Any CPU.Build.0 = Debug|Any CPU
		{BEDBF0F6-A7B1-4F8C-BD22-8C4D752BEC22}.Release|Any CPU.ActiveCfg = Release|Any CPU
		{BEDBF0F6-A7B1-4F8C-BD22-8C4D752BEC22}.Release|Any CPU.Build.0 = Release|Any CPU
		{67ED5A30-734F-46C3-BD6C-95063C35E25A}.Debug|Any CPU.ActiveCfg = Debug|Any CPU
		{67ED5A30-734F-46C3-BD6C-95063C35E25A}.Debug|Any CPU.Build.0 = Debug|Any CPU
		{67ED5A30-734F-46C3-BD6C-95063C35E25A}.Release|Any CPU.ActiveCfg = Release|Any CPU
		{67ED5A30-734F-46C3-BD6C-95063C35E25A}.Release|Any CPU.Build.0 = Release|Any CPU
		{07086C7F-258D-490C-9721-49AD215E4C83}.Debug|Any CPU.ActiveCfg = Debug|Any CPU
		{07086C7F-258D-490C-9721-49AD215E4C83}.Debug|Any CPU.Build.0 = Debug|Any CPU
		{07086C7F-258D-490C-9721-49AD215E4C83}.Release|Any CPU.ActiveCfg = Release|Any CPU
		{07086C7F-258D-490C-9721-49AD215E4C83}.Release|Any CPU.Build.0 = Release|Any CPU
		{AEB784FE-3A22-45C6-B3B4-FD1D13C8E115}.Debug|Any CPU.ActiveCfg = Debug|Any CPU
		{AEB784FE-3A22-45C6-B3B4-FD1D13C8E115}.Debug|Any CPU.Build.0 = Debug|Any CPU
		{AEB784FE-3A22-45C6-B3B4-FD1D13C8E115}.Release|Any CPU.ActiveCfg = Release|Any CPU
		{AEB784FE-3A22-45C6-B3B4-FD1D13C8E115}.Release|Any CPU.Build.0 = Release|Any CPU
		{34F1B435-470D-4095-9BF4-37B86BFD1600}.Debug|Any CPU.ActiveCfg = Debug|Any CPU
		{34F1B435-470D-4095-9BF4-37B86BFD1600}.Debug|Any CPU.Build.0 = Debug|Any CPU
		{34F1B435-470D-4095-9BF4-37B86BFD1600}.Release|Any CPU.ActiveCfg = Release|Any CPU
		{34F1B435-470D-4095-9BF4-37B86BFD1600}.Release|Any CPU.Build.0 = Release|Any CPU
		{E710545D-B464-4EC9-AA57-B531324C5A0F}.Debug|Any CPU.ActiveCfg = Debug|Any CPU
		{E710545D-B464-4EC9-AA57-B531324C5A0F}.Debug|Any CPU.Build.0 = Debug|Any CPU
		{E710545D-B464-4EC9-AA57-B531324C5A0F}.Release|Any CPU.ActiveCfg = Release|Any CPU
		{E710545D-B464-4EC9-AA57-B531324C5A0F}.Release|Any CPU.Build.0 = Release|Any CPU
		{3701565F-1A95-4592-B90D-291CCDE5505D}.Debug|Any CPU.ActiveCfg = Debug|Any CPU
		{3701565F-1A95-4592-B90D-291CCDE5505D}.Debug|Any CPU.Build.0 = Debug|Any CPU
		{3701565F-1A95-4592-B90D-291CCDE5505D}.Release|Any CPU.ActiveCfg = Release|Any CPU
		{3701565F-1A95-4592-B90D-291CCDE5505D}.Release|Any CPU.Build.0 = Release|Any CPU
		{F6372249-AF37-4455-B572-5BDF8DE2ACC8}.Debug|Any CPU.ActiveCfg = Debug|Any CPU
		{F6372249-AF37-4455-B572-5BDF8DE2ACC8}.Debug|Any CPU.Build.0 = Debug|Any CPU
		{F6372249-AF37-4455-B572-5BDF8DE2ACC8}.Release|Any CPU.ActiveCfg = Release|Any CPU
		{F6372249-AF37-4455-B572-5BDF8DE2ACC8}.Release|Any CPU.Build.0 = Release|Any CPU
		{E9072D95-D116-4D4B-B981-46146BCDE052}.Debug|Any CPU.ActiveCfg = Debug|Any CPU
		{E9072D95-D116-4D4B-B981-46146BCDE052}.Debug|Any CPU.Build.0 = Debug|Any CPU
		{E9072D95-D116-4D4B-B981-46146BCDE052}.Release|Any CPU.ActiveCfg = Release|Any CPU
		{E9072D95-D116-4D4B-B981-46146BCDE052}.Release|Any CPU.Build.0 = Release|Any CPU
		{64E958D8-CE7B-482D-B339-3B52E26CA4AC}.Debug|Any CPU.ActiveCfg = Debug|Any CPU
		{64E958D8-CE7B-482D-B339-3B52E26CA4AC}.Debug|Any CPU.Build.0 = Debug|Any CPU
		{64E958D8-CE7B-482D-B339-3B52E26CA4AC}.Release|Any CPU.ActiveCfg = Release|Any CPU
		{64E958D8-CE7B-482D-B339-3B52E26CA4AC}.Release|Any CPU.Build.0 = Release|Any CPU
		{B0DEB9ED-9E0A-42E3-BBE1-9F70DD78DC93}.Debug|Any CPU.ActiveCfg = Debug|Any CPU
		{B0DEB9ED-9E0A-42E3-BBE1-9F70DD78DC93}.Debug|Any CPU.Build.0 = Debug|Any CPU
		{B0DEB9ED-9E0A-42E3-BBE1-9F70DD78DC93}.Release|Any CPU.ActiveCfg = Release|Any CPU
		{B0DEB9ED-9E0A-42E3-BBE1-9F70DD78DC93}.Release|Any CPU.Build.0 = Release|Any CPU
		{4DC1C813-E7C1-442E-B7D6-C9B932A55759}.Debug|Any CPU.ActiveCfg = Debug|Any CPU
		{4DC1C813-E7C1-442E-B7D6-C9B932A55759}.Debug|Any CPU.Build.0 = Debug|Any CPU
		{4DC1C813-E7C1-442E-B7D6-C9B932A55759}.Release|Any CPU.ActiveCfg = Release|Any CPU
		{4DC1C813-E7C1-442E-B7D6-C9B932A55759}.Release|Any CPU.Build.0 = Release|Any CPU
		{42D048EC-29C5-4553-B301-A6A5A76A7FB8}.Debug|Any CPU.ActiveCfg = Debug|Any CPU
		{42D048EC-29C5-4553-B301-A6A5A76A7FB8}.Debug|Any CPU.Build.0 = Debug|Any CPU
		{42D048EC-29C5-4553-B301-A6A5A76A7FB8}.Release|Any CPU.ActiveCfg = Release|Any CPU
		{42D048EC-29C5-4553-B301-A6A5A76A7FB8}.Release|Any CPU.Build.0 = Release|Any CPU
		{9C521E63-7B6F-4AD3-ACB5-132175D9413A}.Debug|Any CPU.ActiveCfg = Debug|Any CPU
		{9C521E63-7B6F-4AD3-ACB5-132175D9413A}.Debug|Any CPU.Build.0 = Debug|Any CPU
		{9C521E63-7B6F-4AD3-ACB5-132175D9413A}.Release|Any CPU.ActiveCfg = Release|Any CPU
		{9C521E63-7B6F-4AD3-ACB5-132175D9413A}.Release|Any CPU.Build.0 = Release|Any CPU
		{9781C246-5FCB-4060-8DD0-866BDB9B055B}.Debug|Any CPU.ActiveCfg = Debug|Any CPU
		{9781C246-5FCB-4060-8DD0-866BDB9B055B}.Debug|Any CPU.Build.0 = Debug|Any CPU
		{9781C246-5FCB-4060-8DD0-866BDB9B055B}.Release|Any CPU.ActiveCfg = Release|Any CPU
		{9781C246-5FCB-4060-8DD0-866BDB9B055B}.Release|Any CPU.Build.0 = Release|Any CPU
		{B303AAFF-5061-4580-A952-EA9279AF97FF}.Debug|Any CPU.ActiveCfg = Debug|Any CPU
		{B303AAFF-5061-4580-A952-EA9279AF97FF}.Debug|Any CPU.Build.0 = Debug|Any CPU
		{B303AAFF-5061-4580-A952-EA9279AF97FF}.Release|Any CPU.ActiveCfg = Release|Any CPU
		{B303AAFF-5061-4580-A952-EA9279AF97FF}.Release|Any CPU.Build.0 = Release|Any CPU
		{A1D414C9-6716-4964-8880-5C43C362EA8B}.Debug|Any CPU.ActiveCfg = Debug|Any CPU
		{A1D414C9-6716-4964-8880-5C43C362EA8B}.Debug|Any CPU.Build.0 = Debug|Any CPU
		{A1D414C9-6716-4964-8880-5C43C362EA8B}.Release|Any CPU.ActiveCfg = Release|Any CPU
		{A1D414C9-6716-4964-8880-5C43C362EA8B}.Release|Any CPU.Build.0 = Release|Any CPU
		{E37C85AB-21A2-4F5A-BE34-61EA273C2D5F}.Debug|Any CPU.ActiveCfg = Debug|Any CPU
		{E37C85AB-21A2-4F5A-BE34-61EA273C2D5F}.Debug|Any CPU.Build.0 = Debug|Any CPU
		{E37C85AB-21A2-4F5A-BE34-61EA273C2D5F}.Release|Any CPU.ActiveCfg = Release|Any CPU
		{E37C85AB-21A2-4F5A-BE34-61EA273C2D5F}.Release|Any CPU.Build.0 = Release|Any CPU
		{E2547AA5-1ECD-45EF-975F-0E467CA23201}.Debug|Any CPU.ActiveCfg = Debug|Any CPU
		{E2547AA5-1ECD-45EF-975F-0E467CA23201}.Debug|Any CPU.Build.0 = Debug|Any CPU
		{E2547AA5-1ECD-45EF-975F-0E467CA23201}.Release|Any CPU.ActiveCfg = Release|Any CPU
		{E2547AA5-1ECD-45EF-975F-0E467CA23201}.Release|Any CPU.Build.0 = Release|Any CPU
		{E4817807-6B3E-4A78-A2B4-DBFBD02AA86B}.Debug|Any CPU.ActiveCfg = Debug|Any CPU
		{E4817807-6B3E-4A78-A2B4-DBFBD02AA86B}.Debug|Any CPU.Build.0 = Debug|Any CPU
		{E4817807-6B3E-4A78-A2B4-DBFBD02AA86B}.Release|Any CPU.ActiveCfg = Release|Any CPU
		{E4817807-6B3E-4A78-A2B4-DBFBD02AA86B}.Release|Any CPU.Build.0 = Release|Any CPU
		{DF892C9E-A6A4-48D4-ABC6-2F98C3400F8C}.Debug|Any CPU.ActiveCfg = Debug|Any CPU
		{DF892C9E-A6A4-48D4-ABC6-2F98C3400F8C}.Debug|Any CPU.Build.0 = Debug|Any CPU
		{DF892C9E-A6A4-48D4-ABC6-2F98C3400F8C}.Release|Any CPU.ActiveCfg = Release|Any CPU
		{DF892C9E-A6A4-48D4-ABC6-2F98C3400F8C}.Release|Any CPU.Build.0 = Release|Any CPU
		{C8CB3B0D-2FDB-49D4-A739-BF0BDCC8979F}.Debug|Any CPU.ActiveCfg = Debug|Any CPU
		{C8CB3B0D-2FDB-49D4-A739-BF0BDCC8979F}.Debug|Any CPU.Build.0 = Debug|Any CPU
		{C8CB3B0D-2FDB-49D4-A739-BF0BDCC8979F}.Release|Any CPU.ActiveCfg = Release|Any CPU
		{C8CB3B0D-2FDB-49D4-A739-BF0BDCC8979F}.Release|Any CPU.Build.0 = Release|Any CPU
		{7A775A8B-646D-4FE6-8952-9F9C8B38B924}.Debug|Any CPU.ActiveCfg = Debug|Any CPU
		{7A775A8B-646D-4FE6-8952-9F9C8B38B924}.Debug|Any CPU.Build.0 = Debug|Any CPU
		{7A775A8B-646D-4FE6-8952-9F9C8B38B924}.Release|Any CPU.ActiveCfg = Release|Any CPU
		{7A775A8B-646D-4FE6-8952-9F9C8B38B924}.Release|Any CPU.Build.0 = Release|Any CPU
		{CEE05123-1973-4F54-BC44-AFFB4373936A}.Debug|Any CPU.ActiveCfg = Debug|Any CPU
		{CEE05123-1973-4F54-BC44-AFFB4373936A}.Debug|Any CPU.Build.0 = Debug|Any CPU
		{CEE05123-1973-4F54-BC44-AFFB4373936A}.Release|Any CPU.ActiveCfg = Release|Any CPU
		{CEE05123-1973-4F54-BC44-AFFB4373936A}.Release|Any CPU.Build.0 = Release|Any CPU
		{6E82437D-8CF2-4206-B4A8-7691B431A45A}.Debug|Any CPU.ActiveCfg = Debug|Any CPU
		{6E82437D-8CF2-4206-B4A8-7691B431A45A}.Debug|Any CPU.Build.0 = Debug|Any CPU
		{6E82437D-8CF2-4206-B4A8-7691B431A45A}.Release|Any CPU.ActiveCfg = Release|Any CPU
		{6E82437D-8CF2-4206-B4A8-7691B431A45A}.Release|Any CPU.Build.0 = Release|Any CPU
		{721C71DA-0E1C-49C1-88AE-17A97AA255D3}.Debug|Any CPU.ActiveCfg = Debug|Any CPU
		{721C71DA-0E1C-49C1-88AE-17A97AA255D3}.Debug|Any CPU.Build.0 = Debug|Any CPU
		{721C71DA-0E1C-49C1-88AE-17A97AA255D3}.Release|Any CPU.ActiveCfg = Release|Any CPU
		{721C71DA-0E1C-49C1-88AE-17A97AA255D3}.Release|Any CPU.Build.0 = Release|Any CPU
		{BF72FAF5-3A7C-41B6-A27F-9BE049290356}.Debug|Any CPU.ActiveCfg = Debug|Any CPU
		{BF72FAF5-3A7C-41B6-A27F-9BE049290356}.Debug|Any CPU.Build.0 = Debug|Any CPU
		{BF72FAF5-3A7C-41B6-A27F-9BE049290356}.Release|Any CPU.ActiveCfg = Release|Any CPU
		{BF72FAF5-3A7C-41B6-A27F-9BE049290356}.Release|Any CPU.Build.0 = Release|Any CPU
		{E2CC404A-3AE4-4CE9-84DC-0EA6078F69E3}.Debug|Any CPU.ActiveCfg = Debug|Any CPU
		{E2CC404A-3AE4-4CE9-84DC-0EA6078F69E3}.Debug|Any CPU.Build.0 = Debug|Any CPU
		{E2CC404A-3AE4-4CE9-84DC-0EA6078F69E3}.Release|Any CPU.ActiveCfg = Release|Any CPU
		{E2CC404A-3AE4-4CE9-84DC-0EA6078F69E3}.Release|Any CPU.Build.0 = Release|Any CPU
		{55297803-2DE8-48C4-AB65-9D19E77614E1}.Debug|Any CPU.ActiveCfg = Debug|Any CPU
		{55297803-2DE8-48C4-AB65-9D19E77614E1}.Debug|Any CPU.Build.0 = Debug|Any CPU
		{55297803-2DE8-48C4-AB65-9D19E77614E1}.Release|Any CPU.ActiveCfg = Release|Any CPU
		{55297803-2DE8-48C4-AB65-9D19E77614E1}.Release|Any CPU.Build.0 = Release|Any CPU
		{251CCD53-21B3-4EBE-8627-49885C4E98B9}.Debug|Any CPU.ActiveCfg = Debug|Any CPU
		{251CCD53-21B3-4EBE-8627-49885C4E98B9}.Debug|Any CPU.Build.0 = Debug|Any CPU
		{251CCD53-21B3-4EBE-8627-49885C4E98B9}.Release|Any CPU.ActiveCfg = Release|Any CPU
		{251CCD53-21B3-4EBE-8627-49885C4E98B9}.Release|Any CPU.Build.0 = Release|Any CPU
		{E2FB8843-503A-4A22-923E-B12510233127}.Debug|Any CPU.ActiveCfg = Debug|Any CPU
		{E2FB8843-503A-4A22-923E-B12510233127}.Debug|Any CPU.Build.0 = Debug|Any CPU
		{E2FB8843-503A-4A22-923E-B12510233127}.Release|Any CPU.ActiveCfg = Release|Any CPU
		{E2FB8843-503A-4A22-923E-B12510233127}.Release|Any CPU.Build.0 = Release|Any CPU
		{2238FCB1-3A83-46C2-873E-82DA4266069D}.Debug|Any CPU.ActiveCfg = Debug|Any CPU
		{2238FCB1-3A83-46C2-873E-82DA4266069D}.Debug|Any CPU.Build.0 = Debug|Any CPU
		{2238FCB1-3A83-46C2-873E-82DA4266069D}.Release|Any CPU.ActiveCfg = Release|Any CPU
		{2238FCB1-3A83-46C2-873E-82DA4266069D}.Release|Any CPU.Build.0 = Release|Any CPU
	EndGlobalSection
	GlobalSection(SolutionProperties) = preSolution
		HideSolutionNode = FALSE
	EndGlobalSection
	GlobalSection(NestedProjects) = preSolution
		{FEE50B4B-AFC3-4BDA-95FB-8C56FB58AB7E} = {2261B65E-3757-4E5B-9DCD-EAE8D1E236A3}
		{E4D122AB-D362-4AEC-9E2B-22B520016B49} = {2261B65E-3757-4E5B-9DCD-EAE8D1E236A3}
		{D6FCDD89-C5DB-48F1-A752-A12D0F1B9397} = {2261B65E-3757-4E5B-9DCD-EAE8D1E236A3}
		{52ADD4DB-FBFE-4686-9E5F-830CDF859830} = {F900A4AD-7249-41B4-B918-CB9E8C73747C}
		{DA2F9501-2B30-447C-AECD-AA32824515FF} = {F900A4AD-7249-41B4-B918-CB9E8C73747C}
		{7365A84F-D363-41BE-BDBF-FD1550061942} = {F900A4AD-7249-41B4-B918-CB9E8C73747C}
		{B722F063-4514-4C2A-A81D-E7E4E362F891} = {F900A4AD-7249-41B4-B918-CB9E8C73747C}
		{77F27795-DD56-403A-90CB-583CB196A811} = {2261B65E-3757-4E5B-9DCD-EAE8D1E236A3}
		{FBC92B77-0A04-4472-98C8-6B813E1B095A} = {2261B65E-3757-4E5B-9DCD-EAE8D1E236A3}
		{792980F3-3B4D-4F20-8802-271644DEE48C} = {2261B65E-3757-4E5B-9DCD-EAE8D1E236A3}
		{99750990-6CBB-4188-80FA-4C2CD1FB1AE9} = {F900A4AD-7249-41B4-B918-CB9E8C73747C}
		{3C1D57CC-9715-4698-8974-FF578A9F5F48} = {F900A4AD-7249-41B4-B918-CB9E8C73747C}
		{54982BA3-AC0A-4074-98ED-A1A61DD09224} = {F900A4AD-7249-41B4-B918-CB9E8C73747C}
		{89FD9EC5-E490-4BB9-9A7F-C4BE87E62381} = {2261B65E-3757-4E5B-9DCD-EAE8D1E236A3}
		{A92C9C85-407B-4A89-A861-8CAEC695723E} = {F900A4AD-7249-41B4-B918-CB9E8C73747C}
		{651C8B51-B5D5-48DC-9B61-19883254D2F2} = {2261B65E-3757-4E5B-9DCD-EAE8D1E236A3}
		{FDD63DB8-FAEB-4808-8B7D-B2D9E4617E5C} = {F1E13DF4-9F50-41A2-9DC3-04B673B21032}
		{BEDBF0F6-A7B1-4F8C-BD22-8C4D752BEC22} = {914600BD-A02B-414E-AC84-50E60AA64222}
		{67ED5A30-734F-46C3-BD6C-95063C35E25A} = {914600BD-A02B-414E-AC84-50E60AA64222}
		{07086C7F-258D-490C-9721-49AD215E4C83} = {914600BD-A02B-414E-AC84-50E60AA64222}
		{914600BD-A02B-414E-AC84-50E60AA64222} = {F900A4AD-7249-41B4-B918-CB9E8C73747C}
		{AEB784FE-3A22-45C6-B3B4-FD1D13C8E115} = {FE3D0F5E-DEFF-4D37-89EB-FD992ABAEE30}
		{2ECA420E-95D9-42FD-9B48-E0D8FB9B4DAD} = {F900A4AD-7249-41B4-B918-CB9E8C73747C}
		{34F1B435-470D-4095-9BF4-37B86BFD1600} = {2ECA420E-95D9-42FD-9B48-E0D8FB9B4DAD}
		{E710545D-B464-4EC9-AA57-B531324C5A0F} = {2ECA420E-95D9-42FD-9B48-E0D8FB9B4DAD}
		{F82842DA-F15E-49C5-993E-4C269818FF1F} = {F900A4AD-7249-41B4-B918-CB9E8C73747C}
		{3701565F-1A95-4592-B90D-291CCDE5505D} = {F82842DA-F15E-49C5-993E-4C269818FF1F}
		{F6372249-AF37-4455-B572-5BDF8DE2ACC8} = {F82842DA-F15E-49C5-993E-4C269818FF1F}
		{E9072D95-D116-4D4B-B981-46146BCDE052} = {F82842DA-F15E-49C5-993E-4C269818FF1F}
		{64E958D8-CE7B-482D-B339-3B52E26CA4AC} = {F82842DA-F15E-49C5-993E-4C269818FF1F}
		{A14C2C2C-ACE3-4712-A527-E4E5F02729FA} = {F900A4AD-7249-41B4-B918-CB9E8C73747C}
		{B0DEB9ED-9E0A-42E3-BBE1-9F70DD78DC93} = {A14C2C2C-ACE3-4712-A527-E4E5F02729FA}
		{4DC1C813-E7C1-442E-B7D6-C9B932A55759} = {A14C2C2C-ACE3-4712-A527-E4E5F02729FA}
		{42D048EC-29C5-4553-B301-A6A5A76A7FB8} = {A14C2C2C-ACE3-4712-A527-E4E5F02729FA}
		{9C521E63-7B6F-4AD3-ACB5-132175D9413A} = {A14C2C2C-ACE3-4712-A527-E4E5F02729FA}
		{277490D7-8834-4722-9084-E894F804C66A} = {2261B65E-3757-4E5B-9DCD-EAE8D1E236A3}
		{9781C246-5FCB-4060-8DD0-866BDB9B055B} = {277490D7-8834-4722-9084-E894F804C66A}
		{B303AAFF-5061-4580-A952-EA9279AF97FF} = {277490D7-8834-4722-9084-E894F804C66A}
		{3C0E779F-1949-40AC-AE18-5D59101B24CB} = {2261B65E-3757-4E5B-9DCD-EAE8D1E236A3}
		{A1D414C9-6716-4964-8880-5C43C362EA8B} = {3C0E779F-1949-40AC-AE18-5D59101B24CB}
		{E37C85AB-21A2-4F5A-BE34-61EA273C2D5F} = {2261B65E-3757-4E5B-9DCD-EAE8D1E236A3}
		{E2547AA5-1ECD-45EF-975F-0E467CA23201} = {F900A4AD-7249-41B4-B918-CB9E8C73747C}
		{E4817807-6B3E-4A78-A2B4-DBFBD02AA86B} = {F900A4AD-7249-41B4-B918-CB9E8C73747C}
		{DF892C9E-A6A4-48D4-ABC6-2F98C3400F8C} = {2261B65E-3757-4E5B-9DCD-EAE8D1E236A3}
		{C8CB3B0D-2FDB-49D4-A739-BF0BDCC8979F} = {FE3D0F5E-DEFF-4D37-89EB-FD992ABAEE30}
		{7A775A8B-646D-4FE6-8952-9F9C8B38B924} = {914600BD-A02B-414E-AC84-50E60AA64222}
		{FE3D0F5E-DEFF-4D37-89EB-FD992ABAEE30} = {2261B65E-3757-4E5B-9DCD-EAE8D1E236A3}
		{CEE05123-1973-4F54-BC44-AFFB4373936A} = {F900A4AD-7249-41B4-B918-CB9E8C73747C}
		{6E82437D-8CF2-4206-B4A8-7691B431A45A} = {F1E13DF4-9F50-41A2-9DC3-04B673B21032}
		{721C71DA-0E1C-49C1-88AE-17A97AA255D3} = {F1E13DF4-9F50-41A2-9DC3-04B673B21032}
		{BF72FAF5-3A7C-41B6-A27F-9BE049290356} = {3C0E779F-1949-40AC-AE18-5D59101B24CB}
		{E2CC404A-3AE4-4CE9-84DC-0EA6078F69E3} = {F900A4AD-7249-41B4-B918-CB9E8C73747C}
		{55297803-2DE8-48C4-AB65-9D19E77614E1} = {1D6F1776-FF4B-46C2-9B3D-BC46CCF049DC}
		{251CCD53-21B3-4EBE-8627-49885C4E98B9} = {1D6F1776-FF4B-46C2-9B3D-BC46CCF049DC}
		{79C9ECC6-2935-4C43-BF32-94698547F584} = {2261B65E-3757-4E5B-9DCD-EAE8D1E236A3}
		{E2FB8843-503A-4A22-923E-B12510233127} = {79C9ECC6-2935-4C43-BF32-94698547F584}
		{2238FCB1-3A83-46C2-873E-82DA4266069D} = {79C9ECC6-2935-4C43-BF32-94698547F584}
	EndGlobalSection
	GlobalSection(ExtensibilityGlobals) = postSolution
		SolutionGuid = {E18684C9-7D76-45CD-BF24-E3944B7F174C}
	EndGlobalSection
EndGlobal
