
Microsoft Visual Studio Solution File, Format Version 12.00
# Visual Studio Version 16
VisualStudioVersion = 16.0.29609.76
MinimumVisualStudioVersion = 10.0.40219.1
Project("{2150E333-8FDC-42A3-9474-1A3956D46DE8}") = "dotnet", "dotnet", "{5CB1725B-3FA5-49B1-A1F8-41EFCACA3CF1}"
EndProject
Project("{2150E333-8FDC-42A3-9474-1A3956D46DE8}") = "dotnetframework", "dotnetframework", "{5EA71E19-9448-4F49-B24A-A5BF8964C54D}"
EndProject
Project("{9A19103F-16F7-4668-BE54-9A1E7A4F7556}") = "SecurityAPICommons", "dotnet\dotnetframework\SecurityAPICommons\SecurityAPICommons.csproj", "{BE9A040C-DE9A-490A-B02C-9E1D97B30B21}"
EndProject
Project("{2150E333-8FDC-42A3-9474-1A3956D46DE8}") = "dotnetcore", "dotnetcore", "{2B1F2BC4-723C-46F6-8C23-3FB82AF975E9}"
EndProject
Project("{9A19103F-16F7-4668-BE54-9A1E7A4F7556}") = "SecurityAPICommonsNetCore", "dotnet\dotnetcore\SecurityAPICommonsNetCore\SecurityAPICommonsNetCore.csproj", "{A3C5EE4E-A9AA-408F-AE26-9E28154D1C39}"
EndProject
Project("{9A19103F-16F7-4668-BE54-9A1E7A4F7556}") = "GeneXusCryptography", "dotnet\dotnetframework\GeneXusCryptography\GeneXusCryptography.csproj", "{420F7E79-1CC3-4FA6-8399-7C07B2EE94DE}"
EndProject
Project("{9A19103F-16F7-4668-BE54-9A1E7A4F7556}") = "GeneXusCryptographyNetCore", "dotnet\dotnetcore\GeneXusCryptographyNetCore\GeneXusCryptographyNetCore.csproj", "{4E759B82-D093-43E4-BF34-923025AED531}"
EndProject
Project("{9A19103F-16F7-4668-BE54-9A1E7A4F7556}") = "GeneXusXmlSignature", "dotnet\dotnetframework\GeneXusXmlSignature\GeneXusXmlSignature.csproj", "{291B2556-49D9-4775-823F-FCE5E2416C0A}"
EndProject
Project("{9A19103F-16F7-4668-BE54-9A1E7A4F7556}") = "GeneXusXmlSignatureNetCore", "dotnet\dotnetcore\GeneXusXmlSignatureNetCore\GeneXusXmlSignatureNetCore.csproj", "{503D8578-4455-4DC0-ADDC-37E4C886427B}"
EndProject
Project("{9A19103F-16F7-4668-BE54-9A1E7A4F7556}") = "GeneXusJWT", "dotnet\dotnetframework\GeneXusJWT\GeneXusJWT.csproj", "{1D9FF129-BE37-4316-BFF3-9BEACC4612CB}"
EndProject
Project("{9A19103F-16F7-4668-BE54-9A1E7A4F7556}") = "GeneXusJWTNetCore", "dotnet\dotnetcore\GeneXusJWTNetCore\GeneXusJWTNetCore.csproj", "{09DD9A8C-C6E8-47B2-BF68-D85BF5E6FC36}"
EndProject
Project("{9A19103F-16F7-4668-BE54-9A1E7A4F7556}") = "GeneXusSftp", "dotnet\dotnetframework\GeneXusSftp\GeneXusSftp.csproj", "{7F864DEC-0EE0-420D-9976-9C7E39398161}"
EndProject
Project("{9A19103F-16F7-4668-BE54-9A1E7A4F7556}") = "GeneXusSftpNetCore", "dotnet\dotnetcore\GeneXusSftpNetCore\GeneXusSftpNetCore.csproj", "{1C8B841E-28A7-4D6B-95BE-47D2DDE1FE35}"
EndProject
Project("{9A19103F-16F7-4668-BE54-9A1E7A4F7556}") = "GeneXusFtps", "dotnet\dotnetframework\GeneXusFtps\GeneXusFtps.csproj", "{76AD359D-960B-418D-8A1C-004E0E2D325C}"
EndProject
Project("{9A19103F-16F7-4668-BE54-9A1E7A4F7556}") = "GeneXusFtpsNetCore", "dotnet\dotnetcore\GeneXusFtpsNetCore\GeneXusFtpsNetCore.csproj", "{06054CD3-91A7-4A0A-AA5C-A70B64CF4755}"
EndProject
Project("{2150E333-8FDC-42A3-9474-1A3956D46DE8}") = "test", "test", "{750343D3-EAA6-433E-A099-71BC6851EA71}"
EndProject
Project("{2150E333-8FDC-42A3-9474-1A3956D46DE8}") = "dotnetcore", "dotnetcore", "{89FFECB3-7A69-41F8-88C7-F05193E5CDF4}"
EndProject
Project("{2150E333-8FDC-42A3-9474-1A3956D46DE8}") = "dotnetframework", "dotnetframework", "{7F5F1DDC-09BE-4567-8CD4-41387AD91BEE}"
EndProject
Project("{9A19103F-16F7-4668-BE54-9A1E7A4F7556}") = "SecurityAPITest", "test\dotnetframework\SecurityAPITest\SecurityAPITest.csproj", "{9100025A-68E0-4618-B83C-4D626CB89DBB}"
EndProject
Project("{2150E333-8FDC-42A3-9474-1A3956D46DE8}") = "resources", "resources", "{88EB1BC4-0D68-4906-AA36-E1EA1F6AFD35}"
	ProjectSection(SolutionItems) = preProject
		dotnet\resources\Neon.SSH.NET.dll = dotnet\resources\Neon.SSH.NET.dll
	EndProjectSection
EndProject
Project("{9A19103F-16F7-4668-BE54-9A1E7A4F7556}") = "SecurityAPITestNetCore", "test\dotnetcore\SecurityAPITestNetCore\SecurityAPITestNetCore.csproj", "{27D2471A-DA98-4912-A327-AF135550B034}"
EndProject
Global
	GlobalSection(SolutionConfigurationPlatforms) = preSolution
		Debug|Any CPU = Debug|Any CPU
		Release|Any CPU = Release|Any CPU
	EndGlobalSection
	GlobalSection(ProjectConfigurationPlatforms) = postSolution
		{BE9A040C-DE9A-490A-B02C-9E1D97B30B21}.Debug|Any CPU.ActiveCfg = Debug|Any CPU
		{BE9A040C-DE9A-490A-B02C-9E1D97B30B21}.Debug|Any CPU.Build.0 = Debug|Any CPU
		{BE9A040C-DE9A-490A-B02C-9E1D97B30B21}.Release|Any CPU.ActiveCfg = Release|Any CPU
		{BE9A040C-DE9A-490A-B02C-9E1D97B30B21}.Release|Any CPU.Build.0 = Release|Any CPU
		{A3C5EE4E-A9AA-408F-AE26-9E28154D1C39}.Debug|Any CPU.ActiveCfg = Debug|Any CPU
		{A3C5EE4E-A9AA-408F-AE26-9E28154D1C39}.Debug|Any CPU.Build.0 = Debug|Any CPU
		{A3C5EE4E-A9AA-408F-AE26-9E28154D1C39}.Release|Any CPU.ActiveCfg = Release|Any CPU
		{A3C5EE4E-A9AA-408F-AE26-9E28154D1C39}.Release|Any CPU.Build.0 = Release|Any CPU
		{420F7E79-1CC3-4FA6-8399-7C07B2EE94DE}.Debug|Any CPU.ActiveCfg = Debug|Any CPU
		{420F7E79-1CC3-4FA6-8399-7C07B2EE94DE}.Debug|Any CPU.Build.0 = Debug|Any CPU
		{420F7E79-1CC3-4FA6-8399-7C07B2EE94DE}.Release|Any CPU.ActiveCfg = Release|Any CPU
		{420F7E79-1CC3-4FA6-8399-7C07B2EE94DE}.Release|Any CPU.Build.0 = Release|Any CPU
		{4E759B82-D093-43E4-BF34-923025AED531}.Debug|Any CPU.ActiveCfg = Debug|Any CPU
		{4E759B82-D093-43E4-BF34-923025AED531}.Debug|Any CPU.Build.0 = Debug|Any CPU
		{4E759B82-D093-43E4-BF34-923025AED531}.Release|Any CPU.ActiveCfg = Release|Any CPU
		{4E759B82-D093-43E4-BF34-923025AED531}.Release|Any CPU.Build.0 = Release|Any CPU
		{291B2556-49D9-4775-823F-FCE5E2416C0A}.Debug|Any CPU.ActiveCfg = Debug|Any CPU
		{291B2556-49D9-4775-823F-FCE5E2416C0A}.Debug|Any CPU.Build.0 = Debug|Any CPU
		{291B2556-49D9-4775-823F-FCE5E2416C0A}.Release|Any CPU.ActiveCfg = Release|Any CPU
		{291B2556-49D9-4775-823F-FCE5E2416C0A}.Release|Any CPU.Build.0 = Release|Any CPU
		{503D8578-4455-4DC0-ADDC-37E4C886427B}.Debug|Any CPU.ActiveCfg = Debug|Any CPU
		{503D8578-4455-4DC0-ADDC-37E4C886427B}.Debug|Any CPU.Build.0 = Debug|Any CPU
		{503D8578-4455-4DC0-ADDC-37E4C886427B}.Release|Any CPU.ActiveCfg = Release|Any CPU
		{503D8578-4455-4DC0-ADDC-37E4C886427B}.Release|Any CPU.Build.0 = Release|Any CPU
		{1D9FF129-BE37-4316-BFF3-9BEACC4612CB}.Debug|Any CPU.ActiveCfg = Debug|Any CPU
		{1D9FF129-BE37-4316-BFF3-9BEACC4612CB}.Debug|Any CPU.Build.0 = Debug|Any CPU
		{1D9FF129-BE37-4316-BFF3-9BEACC4612CB}.Release|Any CPU.ActiveCfg = Release|Any CPU
		{1D9FF129-BE37-4316-BFF3-9BEACC4612CB}.Release|Any CPU.Build.0 = Release|Any CPU
		{09DD9A8C-C6E8-47B2-BF68-D85BF5E6FC36}.Debug|Any CPU.ActiveCfg = Debug|Any CPU
		{09DD9A8C-C6E8-47B2-BF68-D85BF5E6FC36}.Debug|Any CPU.Build.0 = Debug|Any CPU
		{09DD9A8C-C6E8-47B2-BF68-D85BF5E6FC36}.Release|Any CPU.ActiveCfg = Release|Any CPU
		{09DD9A8C-C6E8-47B2-BF68-D85BF5E6FC36}.Release|Any CPU.Build.0 = Release|Any CPU
		{7F864DEC-0EE0-420D-9976-9C7E39398161}.Debug|Any CPU.ActiveCfg = Debug|Any CPU
		{7F864DEC-0EE0-420D-9976-9C7E39398161}.Debug|Any CPU.Build.0 = Debug|Any CPU
		{7F864DEC-0EE0-420D-9976-9C7E39398161}.Release|Any CPU.ActiveCfg = Release|Any CPU
		{7F864DEC-0EE0-420D-9976-9C7E39398161}.Release|Any CPU.Build.0 = Release|Any CPU
		{1C8B841E-28A7-4D6B-95BE-47D2DDE1FE35}.Debug|Any CPU.ActiveCfg = Debug|Any CPU
		{1C8B841E-28A7-4D6B-95BE-47D2DDE1FE35}.Debug|Any CPU.Build.0 = Debug|Any CPU
		{1C8B841E-28A7-4D6B-95BE-47D2DDE1FE35}.Release|Any CPU.ActiveCfg = Release|Any CPU
		{1C8B841E-28A7-4D6B-95BE-47D2DDE1FE35}.Release|Any CPU.Build.0 = Release|Any CPU
		{76AD359D-960B-418D-8A1C-004E0E2D325C}.Debug|Any CPU.ActiveCfg = Debug|Any CPU
		{76AD359D-960B-418D-8A1C-004E0E2D325C}.Debug|Any CPU.Build.0 = Debug|Any CPU
		{76AD359D-960B-418D-8A1C-004E0E2D325C}.Release|Any CPU.ActiveCfg = Release|Any CPU
		{76AD359D-960B-418D-8A1C-004E0E2D325C}.Release|Any CPU.Build.0 = Release|Any CPU
		{06054CD3-91A7-4A0A-AA5C-A70B64CF4755}.Debug|Any CPU.ActiveCfg = Debug|Any CPU
		{06054CD3-91A7-4A0A-AA5C-A70B64CF4755}.Debug|Any CPU.Build.0 = Debug|Any CPU
		{06054CD3-91A7-4A0A-AA5C-A70B64CF4755}.Release|Any CPU.ActiveCfg = Release|Any CPU
		{06054CD3-91A7-4A0A-AA5C-A70B64CF4755}.Release|Any CPU.Build.0 = Release|Any CPU
		{9100025A-68E0-4618-B83C-4D626CB89DBB}.Debug|Any CPU.ActiveCfg = Debug|Any CPU
		{9100025A-68E0-4618-B83C-4D626CB89DBB}.Debug|Any CPU.Build.0 = Debug|Any CPU
		{9100025A-68E0-4618-B83C-4D626CB89DBB}.Release|Any CPU.ActiveCfg = Release|Any CPU
		{9100025A-68E0-4618-B83C-4D626CB89DBB}.Release|Any CPU.Build.0 = Release|Any CPU
		{27D2471A-DA98-4912-A327-AF135550B034}.Debug|Any CPU.ActiveCfg = Debug|Any CPU
		{27D2471A-DA98-4912-A327-AF135550B034}.Debug|Any CPU.Build.0 = Debug|Any CPU
		{27D2471A-DA98-4912-A327-AF135550B034}.Release|Any CPU.ActiveCfg = Release|Any CPU
		{27D2471A-DA98-4912-A327-AF135550B034}.Release|Any CPU.Build.0 = Release|Any CPU
	EndGlobalSection
	GlobalSection(SolutionProperties) = preSolution
		HideSolutionNode = FALSE
	EndGlobalSection
	GlobalSection(NestedProjects) = preSolution
		{5EA71E19-9448-4F49-B24A-A5BF8964C54D} = {5CB1725B-3FA5-49B1-A1F8-41EFCACA3CF1}
		{BE9A040C-DE9A-490A-B02C-9E1D97B30B21} = {5EA71E19-9448-4F49-B24A-A5BF8964C54D}
		{2B1F2BC4-723C-46F6-8C23-3FB82AF975E9} = {5CB1725B-3FA5-49B1-A1F8-41EFCACA3CF1}
		{A3C5EE4E-A9AA-408F-AE26-9E28154D1C39} = {2B1F2BC4-723C-46F6-8C23-3FB82AF975E9}
		{420F7E79-1CC3-4FA6-8399-7C07B2EE94DE} = {5EA71E19-9448-4F49-B24A-A5BF8964C54D}
		{4E759B82-D093-43E4-BF34-923025AED531} = {2B1F2BC4-723C-46F6-8C23-3FB82AF975E9}
		{291B2556-49D9-4775-823F-FCE5E2416C0A} = {5EA71E19-9448-4F49-B24A-A5BF8964C54D}
		{503D8578-4455-4DC0-ADDC-37E4C886427B} = {2B1F2BC4-723C-46F6-8C23-3FB82AF975E9}
		{1D9FF129-BE37-4316-BFF3-9BEACC4612CB} = {5EA71E19-9448-4F49-B24A-A5BF8964C54D}
		{09DD9A8C-C6E8-47B2-BF68-D85BF5E6FC36} = {2B1F2BC4-723C-46F6-8C23-3FB82AF975E9}
		{7F864DEC-0EE0-420D-9976-9C7E39398161} = {5EA71E19-9448-4F49-B24A-A5BF8964C54D}
		{1C8B841E-28A7-4D6B-95BE-47D2DDE1FE35} = {2B1F2BC4-723C-46F6-8C23-3FB82AF975E9}
		{76AD359D-960B-418D-8A1C-004E0E2D325C} = {5EA71E19-9448-4F49-B24A-A5BF8964C54D}
		{06054CD3-91A7-4A0A-AA5C-A70B64CF4755} = {2B1F2BC4-723C-46F6-8C23-3FB82AF975E9}
		{89FFECB3-7A69-41F8-88C7-F05193E5CDF4} = {750343D3-EAA6-433E-A099-71BC6851EA71}
		{7F5F1DDC-09BE-4567-8CD4-41387AD91BEE} = {750343D3-EAA6-433E-A099-71BC6851EA71}
		{9100025A-68E0-4618-B83C-4D626CB89DBB} = {7F5F1DDC-09BE-4567-8CD4-41387AD91BEE}
		{88EB1BC4-0D68-4906-AA36-E1EA1F6AFD35} = {5CB1725B-3FA5-49B1-A1F8-41EFCACA3CF1}
		{27D2471A-DA98-4912-A327-AF135550B034} = {89FFECB3-7A69-41F8-88C7-F05193E5CDF4}
	EndGlobalSection
	GlobalSection(ExtensibilityGlobals) = postSolution
		SolutionGuid = {AEB1693D-906F-402A-AD66-A1A9AE2ABBE2}
	EndGlobalSection
EndGlobal
